
Microsoft Visual Studio Solution File, Format Version 12.00
# Visual Studio Version 17
VisualStudioVersion = 17.1.32421.90
MinimumVisualStudioVersion = 10.0.40219.1
Project("{FAE04EC0-301F-11D3-BF4B-00C04F79EFBC}") = "MoviePro", "MoviePro.csproj", "{94A50671-69DB-4AB6-ACF2-FDE01126D2E7}"
EndProject
Global
	GlobalSection(SolutionConfigurationPlatforms) = preSolution
		Debug|Any CPU = Debug|Any CPU
		Release|Any CPU = Release|Any CPU
	EndGlobalSection
	GlobalSection(ProjectConfigurationPlatforms) = postSolution
		{94A50671-69DB-4AB6-ACF2-FDE01126D2E7}.Debug|Any CPU.ActiveCfg = Debug|Any CPU
		{94A50671-69DB-4AB6-ACF2-FDE01126D2E7}.Debug|Any CPU.Build.0 = Debug|Any CPU
		{94A50671-69DB-4AB6-ACF2-FDE01126D2E7}.Release|Any CPU.ActiveCfg = Release|Any CPU
		{94A50671-69DB-4AB6-ACF2-FDE01126D2E7}.Release|Any CPU.Build.0 = Release|Any CPU
	EndGlobalSection
	GlobalSection(SolutionProperties) = preSolution
		HideSolutionNode = FALSE
	EndGlobalSection
	GlobalSection(ExtensibilityGlobals) = postSolution
		SolutionGuid = {1F2B21C8-920E-4A2A-8B42-AEDA7C2D0FB2}
	EndGlobalSection
EndGlobal
